# THIS IS AN AUTOGENERATED FILE. DO NOT EDIT THIS FILE DIRECTLY.
# yarn lockfile v1


"@angular/common@^4.4.6":
  version "4.4.6"
  resolved "https://registry.yarnpkg.com/@angular/common/-/common-4.4.6.tgz#4b81420724e0828a0e839b95a55eb1a7e83918f2"
  dependencies:
    tslib "^1.7.1"

"@angular/core@^4.4.6":
  version "4.4.6"
  resolved "https://registry.yarnpkg.com/@angular/core/-/core-4.4.6.tgz#13031fd10dcfe438875419b38f21120958bc2354"
  dependencies:
    tslib "^1.7.1"

"@angular/forms@^4.4.6":
  version "4.4.6"
  resolved "https://registry.yarnpkg.com/@angular/forms/-/forms-4.4.6.tgz#fe64ace42435c1b80f49034b7c41ce8caf14a44a"
  dependencies:
    tslib "^1.7.1"

rxjs@^5.5.2:
  version "5.5.2"
  resolved "https://registry.yarnpkg.com/rxjs/-/rxjs-5.5.2.tgz#28d403f0071121967f18ad665563255d54236ac3"
  dependencies:
    symbol-observable "^1.0.1"

symbol-observable@^1.0.1:
  version "1.0.4"
  resolved "https://registry.yarnpkg.com/symbol-observable/-/symbol-observable-1.0.4.tgz#29bf615d4aa7121bdd898b22d4b3f9bc4e2aa03d"

tslib@^1.7.1:
  version "1.8.0"
  resolved "https://registry.yarnpkg.com/tslib/-/tslib-1.8.0.tgz#dc604ebad64bcbf696d613da6c954aa0e7ea1eb6"
